
Microsoft Visual Studio Solution File, Format Version 12.00
# Visual Studio 15
VisualStudioVersion = 15.0.28307.757
MinimumVisualStudioVersion = 10.0.40219.1
Project("{FAE04EC0-301F-11D3-BF4B-00C04F79EFBC}") = "App02_TipoPaginaXF.Android", "App02_TipoPaginaXF\App02_TipoPaginaXF.Android\App02_TipoPaginaXF.Android.csproj", "{716C6A3A-B3A6-41EE-93A0-CC0E1C17E7EF}"
EndProject
Project("{FAE04EC0-301F-11D3-BF4B-00C04F79EFBC}") = "App02_TipoPaginaXF.iOS", "App02_TipoPaginaXF\App02_TipoPaginaXF.iOS\App02_TipoPaginaXF.iOS.csproj", "{059CCF73-1F01-49F3-AAED-E3EE5E195B13}"
EndProject
Project("{FAE04EC0-301F-11D3-BF4B-00C04F79EFBC}") = "App02_TipoPaginaXF.UWP", "App02_TipoPaginaXF\App02_TipoPaginaXF.UWP\App02_TipoPaginaXF.UWP.csproj", "{55D01A06-83CC-46BC-8BAC-4F61C2437DD3}"
EndProject
Project("{FAE04EC0-301F-11D3-BF4B-00C04F79EFBC}") = "App02_TipoPaginaXF", "App02_TipoPaginaXF\App02_TipoPaginaXF\App02_TipoPaginaXF.csproj", "{FE7152FA-1947-447B-A580-13769D12EDA3}"
EndProject
Global
	GlobalSection(SolutionConfigurationPlatforms) = preSolution
		Ad-Hoc|Any CPU = Ad-Hoc|Any CPU
		Ad-Hoc|ARM = Ad-Hoc|ARM
		Ad-Hoc|iPhone = Ad-Hoc|iPhone
		Ad-Hoc|iPhoneSimulator = Ad-Hoc|iPhoneSimulator
		Ad-Hoc|x64 = Ad-Hoc|x64
		Ad-Hoc|x86 = Ad-Hoc|x86
		AppStore|Any CPU = AppStore|Any CPU
		AppStore|ARM = AppStore|ARM
		AppStore|iPhone = AppStore|iPhone
		AppStore|iPhoneSimulator = AppStore|iPhoneSimulator
		AppStore|x64 = AppStore|x64
		AppStore|x86 = AppStore|x86
		Debug|Any CPU = Debug|Any CPU
		Debug|ARM = Debug|ARM
		Debug|iPhone = Debug|iPhone
		Debug|iPhoneSimulator = Debug|iPhoneSimulator
		Debug|x64 = Debug|x64
		Debug|x86 = Debug|x86
		Release|Any CPU = Release|Any CPU
		Release|ARM = Release|ARM
		Release|iPhone = Release|iPhone
		Release|iPhoneSimulator = Release|iPhoneSimulator
		Release|x64 = Release|x64
		Release|x86 = Release|x86
	EndGlobalSection
	GlobalSection(ProjectConfigurationPlatforms) = postSolution
		{716C6A3A-B3A6-41EE-93A0-CC0E1C17E7EF}.Ad-Hoc|Any CPU.ActiveCfg = Release|Any CPU
		{716C6A3A-B3A6-41EE-93A0-CC0E1C17E7EF}.Ad-Hoc|Any CPU.Build.0 = Release|Any CPU
		{716C6A3A-B3A6-41EE-93A0-CC0E1C17E7EF}.Ad-Hoc|Any CPU.Deploy.0 = Release|Any CPU
		{716C6A3A-B3A6-41EE-93A0-CC0E1C17E7EF}.Ad-Hoc|ARM.ActiveCfg = Release|Any CPU
		{716C6A3A-B3A6-41EE-93A0-CC0E1C17E7EF}.Ad-Hoc|ARM.Build.0 = Release|Any CPU
		{716C6A3A-B3A6-41EE-93A0-CC0E1C17E7EF}.Ad-Hoc|ARM.Deploy.0 = Release|Any CPU
		{716C6A3A-B3A6-41EE-93A0-CC0E1C17E7EF}.Ad-Hoc|iPhone.ActiveCfg = Release|Any CPU
		{716C6A3A-B3A6-41EE-93A0-CC0E1C17E7EF}.Ad-Hoc|iPhone.Build.0 = Release|Any CPU
		{716C6A3A-B3A6-41EE-93A0-CC0E1C17E7EF}.Ad-Hoc|iPhone.Deploy.0 = Release|Any CPU
		{716C6A3A-B3A6-41EE-93A0-CC0E1C17E7EF}.Ad-Hoc|iPhoneSimulator.ActiveCfg = Release|Any CPU
		{716C6A3A-B3A6-41EE-93A0-CC0E1C17E7EF}.Ad-Hoc|iPhoneSimulator.Build.0 = Release|Any CPU
		{716C6A3A-B3A6-41EE-93A0-CC0E1C17E7EF}.Ad-Hoc|iPhoneSimulator.Deploy.0 = Release|Any CPU
		{716C6A3A-B3A6-41EE-93A0-CC0E1C17E7EF}.Ad-Hoc|x64.ActiveCfg = Release|Any CPU
		{716C6A3A-B3A6-41EE-93A0-CC0E1C17E7EF}.Ad-Hoc|x64.Build.0 = Release|Any CPU
		{716C6A3A-B3A6-41EE-93A0-CC0E1C17E7EF}.Ad-Hoc|x64.Deploy.0 = Release|Any CPU
		{716C6A3A-B3A6-41EE-93A0-CC0E1C17E7EF}.Ad-Hoc|x86.ActiveCfg = Release|Any CPU
		{716C6A3A-B3A6-41EE-93A0-CC0E1C17E7EF}.Ad-Hoc|x86.Build.0 = Release|Any CPU
		{716C6A3A-B3A6-41EE-93A0-CC0E1C17E7EF}.Ad-Hoc|x86.Deploy.0 = Release|Any CPU
		{716C6A3A-B3A6-41EE-93A0-CC0E1C17E7EF}.AppStore|Any CPU.ActiveCfg = Release|Any CPU
		{716C6A3A-B3A6-41EE-93A0-CC0E1C17E7EF}.AppStore|Any CPU.Build.0 = Release|Any CPU
		{716C6A3A-B3A6-41EE-93A0-CC0E1C17E7EF}.AppStore|Any CPU.Deploy.0 = Release|Any CPU
		{716C6A3A-B3A6-41EE-93A0-CC0E1C17E7EF}.AppStore|ARM.ActiveCfg = Release|Any CPU
		{716C6A3A-B3A6-41EE-93A0-CC0E1C17E7EF}.AppStore|ARM.Build.0 = Release|Any CPU
		{716C6A3A-B3A6-41EE-93A0-CC0E1C17E7EF}.AppStore|ARM.Deploy.0 = Release|Any CPU
		{716C6A3A-B3A6-41EE-93A0-CC0E1C17E7EF}.AppStore|iPhone.ActiveCfg = Release|Any CPU
		{716C6A3A-B3A6-41EE-93A0-CC0E1C17E7EF}.AppStore|iPhone.Build.0 = Release|Any CPU
		{716C6A3A-B3A6-41EE-93A0-CC0E1C17E7EF}.AppStore|iPhone.Deploy.0 = Release|Any CPU
		{716C6A3A-B3A6-41EE-93A0-CC0E1C17E7EF}.AppStore|iPhoneSimulator.ActiveCfg = Release|Any CPU
		{716C6A3A-B3A6-41EE-93A0-CC0E1C17E7EF}.AppStore|iPhoneSimulator.Build.0 = Release|Any CPU
		{716C6A3A-B3A6-41EE-93A0-CC0E1C17E7EF}.AppStore|iPhoneSimulator.Deploy.0 = Release|Any CPU
		{716C6A3A-B3A6-41EE-93A0-CC0E1C17E7EF}.AppStore|x64.ActiveCfg = Release|Any CPU
		{716C6A3A-B3A6-41EE-93A0-CC0E1C17E7EF}.AppStore|x64.Build.0 = Release|Any CPU
		{716C6A3A-B3A6-41EE-93A0-CC0E1C17E7EF}.AppStore|x64.Deploy.0 = Release|Any CPU
		{716C6A3A-B3A6-41EE-93A0-CC0E1C17E7EF}.AppStore|x86.ActiveCfg = Release|Any CPU
		{716C6A3A-B3A6-41EE-93A0-CC0E1C17E7EF}.AppStore|x86.Build.0 = Release|Any CPU
		{716C6A3A-B3A6-41EE-93A0-CC0E1C17E7EF}.AppStore|x86.Deploy.0 = Release|Any CPU
		{716C6A3A-B3A6-41EE-93A0-CC0E1C17E7EF}.Debug|Any CPU.ActiveCfg = Debug|Any CPU
		{716C6A3A-B3A6-41EE-93A0-CC0E1C17E7EF}.Debug|Any CPU.Build.0 = Debug|Any CPU
		{716C6A3A-B3A6-41EE-93A0-CC0E1C17E7EF}.Debug|Any CPU.Deploy.0 = Debug|Any CPU
		{716C6A3A-B3A6-41EE-93A0-CC0E1C17E7EF}.Debug|ARM.ActiveCfg = Debug|Any CPU
		{716C6A3A-B3A6-41EE-93A0-CC0E1C17E7EF}.Debug|ARM.Build.0 = Debug|Any CPU
		{716C6A3A-B3A6-41EE-93A0-CC0E1C17E7EF}.Debug|ARM.Deploy.0 = Debug|Any CPU
		{716C6A3A-B3A6-41EE-93A0-CC0E1C17E7EF}.Debug|iPhone.ActiveCfg = Debug|Any CPU
		{716C6A3A-B3A6-41EE-93A0-CC0E1C17E7EF}.Debug|iPhone.Build.0 = Debug|Any CPU
		{716C6A3A-B3A6-41EE-93A0-CC0E1C17E7EF}.Debug|iPhone.Deploy.0 = Debug|Any CPU
		{716C6A3A-B3A6-41EE-93A0-CC0E1C17E7EF}.Debug|iPhoneSimulator.ActiveCfg = Debug|Any CPU
		{716C6A3A-B3A6-41EE-93A0-CC0E1C17E7EF}.Debug|iPhoneSimulator.Build.0 = Debug|Any CPU
		{716C6A3A-B3A6-41EE-93A0-CC0E1C17E7EF}.Debug|iPhoneSimulator.Deploy.0 = Debug|Any CPU
		{716C6A3A-B3A6-41EE-93A0-CC0E1C17E7EF}.Debug|x64.ActiveCfg = Debug|Any CPU
		{716C6A3A-B3A6-41EE-93A0-CC0E1C17E7EF}.Debug|x64.Build.0 = Debug|Any CPU
		{716C6A3A-B3A6-41EE-93A0-CC0E1C17E7EF}.Debug|x64.Deploy.0 = Debug|Any CPU
		{716C6A3A-B3A6-41EE-93A0-CC0E1C17E7EF}.Debug|x86.ActiveCfg = Debug|Any CPU
		{716C6A3A-B3A6-41EE-93A0-CC0E1C17E7EF}.Debug|x86.Build.0 = Debug|Any CPU
		{716C6A3A-B3A6-41EE-93A0-CC0E1C17E7EF}.Debug|x86.Deploy.0 = Debug|Any CPU
		{716C6A3A-B3A6-41EE-93A0-CC0E1C17E7EF}.Release|Any CPU.ActiveCfg = Release|Any CPU
		{716C6A3A-B3A6-41EE-93A0-CC0E1C17E7EF}.Release|Any CPU.Build.0 = Release|Any CPU
		{716C6A3A-B3A6-41EE-93A0-CC0E1C17E7EF}.Release|Any CPU.Deploy.0 = Release|Any CPU
		{716C6A3A-B3A6-41EE-93A0-CC0E1C17E7EF}.Release|ARM.ActiveCfg = Release|Any CPU
		{716C6A3A-B3A6-41EE-93A0-CC0E1C17E7EF}.Release|ARM.Build.0 = Release|Any CPU
		{716C6A3A-B3A6-41EE-93A0-CC0E1C17E7EF}.Release|ARM.Deploy.0 = Release|Any CPU
		{716C6A3A-B3A6-41EE-93A0-CC0E1C17E7EF}.Release|iPhone.ActiveCfg = Release|Any CPU
		{716C6A3A-B3A6-41EE-93A0-CC0E1C17E7EF}.Release|iPhone.Build.0 = Release|Any CPU
		{716C6A3A-B3A6-41EE-93A0-CC0E1C17E7EF}.Release|iPhone.Deploy.0 = Release|Any CPU
		{716C6A3A-B3A6-41EE-93A0-CC0E1C17E7EF}.Release|iPhoneSimulator.ActiveCfg = Release|Any CPU
		{716C6A3A-B3A6-41EE-93A0-CC0E1C17E7EF}.Release|iPhoneSimulator.Build.0 = Release|Any CPU
		{716C6A3A-B3A6-41EE-93A0-CC0E1C17E7EF}.Release|iPhoneSimulator.Deploy.0 = Release|Any CPU
		{716C6A3A-B3A6-41EE-93A0-CC0E1C17E7EF}.Release|x64.ActiveCfg = Release|Any CPU
		{716C6A3A-B3A6-41EE-93A0-CC0E1C17E7EF}.Release|x64.Build.0 = Release|Any CPU
		{716C6A3A-B3A6-41EE-93A0-CC0E1C17E7EF}.Release|x64.Deploy.0 = Release|Any CPU
		{716C6A3A-B3A6-41EE-93A0-CC0E1C17E7EF}.Release|x86.ActiveCfg = Release|Any CPU
		{716C6A3A-B3A6-41EE-93A0-CC0E1C17E7EF}.Release|x86.Build.0 = Release|Any CPU
		{716C6A3A-B3A6-41EE-93A0-CC0E1C17E7EF}.Release|x86.Deploy.0 = Release|Any CPU
		{059CCF73-1F01-49F3-AAED-E3EE5E195B13}.Ad-Hoc|Any CPU.ActiveCfg = Ad-Hoc|iPhone
		{059CCF73-1F01-49F3-AAED-E3EE5E195B13}.Ad-Hoc|Any CPU.Build.0 = Ad-Hoc|iPhone
		{059CCF73-1F01-49F3-AAED-E3EE5E195B13}.Ad-Hoc|Any CPU.Deploy.0 = Ad-Hoc|iPhone
		{059CCF73-1F01-49F3-AAED-E3EE5E195B13}.Ad-Hoc|ARM.ActiveCfg = Ad-Hoc|iPhone
		{059CCF73-1F01-49F3-AAED-E3EE5E195B13}.Ad-Hoc|ARM.Build.0 = Ad-Hoc|iPhone
		{059CCF73-1F01-49F3-AAED-E3EE5E195B13}.Ad-Hoc|ARM.Deploy.0 = Ad-Hoc|iPhone
		{059CCF73-1F01-49F3-AAED-E3EE5E195B13}.Ad-Hoc|iPhone.ActiveCfg = Ad-Hoc|iPhone
		{059CCF73-1F01-49F3-AAED-E3EE5E195B13}.Ad-Hoc|iPhone.Build.0 = Ad-Hoc|iPhone
		{059CCF73-1F01-49F3-AAED-E3EE5E195B13}.Ad-Hoc|iPhone.Deploy.0 = Ad-Hoc|iPhone
		{059CCF73-1F01-49F3-AAED-E3EE5E195B13}.Ad-Hoc|iPhoneSimulator.ActiveCfg = Ad-Hoc|iPhoneSimulator
		{059CCF73-1F01-49F3-AAED-E3EE5E195B13}.Ad-Hoc|iPhoneSimulator.Build.0 = Ad-Hoc|iPhoneSimulator
		{059CCF73-1F01-49F3-AAED-E3EE5E195B13}.Ad-Hoc|iPhoneSimulator.Deploy.0 = Ad-Hoc|iPhoneSimulator
		{059CCF73-1F01-49F3-AAED-E3EE5E195B13}.Ad-Hoc|x64.ActiveCfg = Ad-Hoc|iPhone
		{059CCF73-1F01-49F3-AAED-E3EE5E195B13}.Ad-Hoc|x64.Build.0 = Ad-Hoc|iPhone
		{059CCF73-1F01-49F3-AAED-E3EE5E195B13}.Ad-Hoc|x64.Deploy.0 = Ad-Hoc|iPhone
		{059CCF73-1F01-49F3-AAED-E3EE5E195B13}.Ad-Hoc|x86.ActiveCfg = Ad-Hoc|iPhone
		{059CCF73-1F01-49F3-AAED-E3EE5E195B13}.Ad-Hoc|x86.Build.0 = Ad-Hoc|iPhone
		{059CCF73-1F01-49F3-AAED-E3EE5E195B13}.Ad-Hoc|x86.Deploy.0 = Ad-Hoc|iPhone
		{059CCF73-1F01-49F3-AAED-E3EE5E195B13}.AppStore|Any CPU.ActiveCfg = AppStore|iPhone
		{059CCF73-1F01-49F3-AAED-E3EE5E195B13}.AppStore|Any CPU.Build.0 = AppStore|iPhone
		{059CCF73-1F01-49F3-AAED-E3EE5E195B13}.AppStore|Any CPU.Deploy.0 = AppStore|iPhone
		{059CCF73-1F01-49F3-AAED-E3EE5E195B13}.AppStore|ARM.ActiveCfg = AppStore|iPhone
		{059CCF73-1F01-49F3-AAED-E3EE5E195B13}.AppStore|ARM.Build.0 = AppStore|iPhone
		{059CCF73-1F01-49F3-AAED-E3EE5E195B13}.AppStore|ARM.Deploy.0 = AppStore|iPhone
		{059CCF73-1F01-49F3-AAED-E3EE5E195B13}.AppStore|iPhone.ActiveCfg = AppStore|iPhone
		{059CCF73-1F01-49F3-AAED-E3EE5E195B13}.AppStore|iPhone.Build.0 = AppStore|iPhone
		{059CCF73-1F01-49F3-AAED-E3EE5E195B13}.AppStore|iPhone.Deploy.0 = AppStore|iPhone
		{059CCF73-1F01-49F3-AAED-E3EE5E195B13}.AppStore|iPhoneSimulator.ActiveCfg = AppStore|iPhoneSimulator
		{059CCF73-1F01-49F3-AAED-E3EE5E195B13}.AppStore|iPhoneSimulator.Build.0 = AppStore|iPhoneSimulator
		{059CCF73-1F01-49F3-AAED-E3EE5E195B13}.AppStore|iPhoneSimulator.Deploy.0 = AppStore|iPhoneSimulator
		{059CCF73-1F01-49F3-AAED-E3EE5E195B13}.AppStore|x64.ActiveCfg = AppStore|iPhone
		{059CCF73-1F01-49F3-AAED-E3EE5E195B13}.AppStore|x64.Build.0 = AppStore|iPhone
		{059CCF73-1F01-49F3-AAED-E3EE5E195B13}.AppStore|x64.Deploy.0 = AppStore|iPhone
		{059CCF73-1F01-49F3-AAED-E3EE5E195B13}.AppStore|x86.ActiveCfg = AppStore|iPhone
		{059CCF73-1F01-49F3-AAED-E3EE5E195B13}.AppStore|x86.Build.0 = AppStore|iPhone
		{059CCF73-1F01-49F3-AAED-E3EE5E195B13}.AppStore|x86.Deploy.0 = AppStore|iPhone
		{059CCF73-1F01-49F3-AAED-E3EE5E195B13}.Debug|Any CPU.ActiveCfg = Debug|iPhoneSimulator
		{059CCF73-1F01-49F3-AAED-E3EE5E195B13}.Debug|Any CPU.Build.0 = Debug|iPhoneSimulator
		{059CCF73-1F01-49F3-AAED-E3EE5E195B13}.Debug|Any CPU.Deploy.0 = Debug|iPhoneSimulator
		{059CCF73-1F01-49F3-AAED-E3EE5E195B13}.Debug|ARM.ActiveCfg = Debug|iPhone
		{059CCF73-1F01-49F3-AAED-E3EE5E195B13}.Debug|ARM.Build.0 = Debug|iPhone
		{059CCF73-1F01-49F3-AAED-E3EE5E195B13}.Debug|ARM.Deploy.0 = Debug|iPhone
		{059CCF73-1F01-49F3-AAED-E3EE5E195B13}.Debug|iPhone.ActiveCfg = Debug|iPhone
		{059CCF73-1F01-49F3-AAED-E3EE5E195B13}.Debug|iPhone.Build.0 = Debug|iPhone
		{059CCF73-1F01-49F3-AAED-E3EE5E195B13}.Debug|iPhone.Deploy.0 = Debug|iPhone
		{059CCF73-1F01-49F3-AAED-E3EE5E195B13}.Debug|iPhoneSimulator.ActiveCfg = Debug|iPhoneSimulator
		{059CCF73-1F01-49F3-AAED-E3EE5E195B13}.Debug|iPhoneSimulator.Build.0 = Debug|iPhoneSimulator
		{059CCF73-1F01-49F3-AAED-E3EE5E195B13}.Debug|iPhoneSimulator.Deploy.0 = Debug|iPhoneSimulator
		{059CCF73-1F01-49F3-AAED-E3EE5E195B13}.Debug|x64.ActiveCfg = Debug|iPhone
		{059CCF73-1F01-49F3-AAED-E3EE5E195B13}.Debug|x64.Build.0 = Debug|iPhone
		{059CCF73-1F01-49F3-AAED-E3EE5E195B13}.Debug|x64.Deploy.0 = Debug|iPhone
		{059CCF73-1F01-49F3-AAED-E3EE5E195B13}.Debug|x86.ActiveCfg = Debug|iPhone
		{059CCF73-1F01-49F3-AAED-E3EE5E195B13}.Debug|x86.Build.0 = Debug|iPhone
		{059CCF73-1F01-49F3-AAED-E3EE5E195B13}.Debug|x86.Deploy.0 = Debug|iPhone
		{059CCF73-1F01-49F3-AAED-E3EE5E195B13}.Release|Any CPU.ActiveCfg = Release|iPhone
		{059CCF73-1F01-49F3-AAED-E3EE5E195B13}.Release|Any CPU.Build.0 = Release|iPhone
		{059CCF73-1F01-49F3-AAED-E3EE5E195B13}.Release|Any CPU.Deploy.0 = Release|iPhone
		{059CCF73-1F01-49F3-AAED-E3EE5E195B13}.Release|ARM.ActiveCfg = Release|iPhone
		{059CCF73-1F01-49F3-AAED-E3EE5E195B13}.Release|ARM.Build.0 = Release|iPhone
		{059CCF73-1F01-49F3-AAED-E3EE5E195B13}.Release|ARM.Deploy.0 = Release|iPhone
		{059CCF73-1F01-49F3-AAED-E3EE5E195B13}.Release|iPhone.ActiveCfg = Release|iPhone
		{059CCF73-1F01-49F3-AAED-E3EE5E195B13}.Release|iPhone.Build.0 = Release|iPhone
		{059CCF73-1F01-49F3-AAED-E3EE5E195B13}.Release|iPhone.Deploy.0 = Release|iPhone
		{059CCF73-1F01-49F3-AAED-E3EE5E195B13}.Release|iPhoneSimulator.ActiveCfg = Release|iPhoneSimulator
		{059CCF73-1F01-49F3-AAED-E3EE5E195B13}.Release|iPhoneSimulator.Build.0 = Release|iPhoneSimulator
		{059CCF73-1F01-49F3-AAED-E3EE5E195B13}.Release|iPhoneSimulator.Deploy.0 = Release|iPhoneSimulator
		{059CCF73-1F01-49F3-AAED-E3EE5E195B13}.Release|x64.ActiveCfg = Release|iPhone
		{059CCF73-1F01-49F3-AAED-E3EE5E195B13}.Release|x64.Build.0 = Release|iPhone
		{059CCF73-1F01-49F3-AAED-E3EE5E195B13}.Release|x64.Deploy.0 = Release|iPhone
		{059CCF73-1F01-49F3-AAED-E3EE5E195B13}.Release|x86.ActiveCfg = Release|iPhone
		{059CCF73-1F01-49F3-AAED-E3EE5E195B13}.Release|x86.Build.0 = Release|iPhone
		{059CCF73-1F01-49F3-AAED-E3EE5E195B13}.Release|x86.Deploy.0 = Release|iPhone
		{55D01A06-83CC-46BC-8BAC-4F61C2437DD3}.Ad-Hoc|Any CPU.ActiveCfg = Release|x86
		{55D01A06-83CC-46BC-8BAC-4F61C2437DD3}.Ad-Hoc|Any CPU.Build.0 = Release|x86
		{55D01A06-83CC-46BC-8BAC-4F61C2437DD3}.Ad-Hoc|Any CPU.Deploy.0 = Release|x86
		{55D01A06-83CC-46BC-8BAC-4F61C2437DD3}.Ad-Hoc|ARM.ActiveCfg = Release|ARM
		{55D01A06-83CC-46BC-8BAC-4F61C2437DD3}.Ad-Hoc|ARM.Build.0 = Release|ARM
		{55D01A06-83CC-46BC-8BAC-4F61C2437DD3}.Ad-Hoc|ARM.Deploy.0 = Release|ARM
		{55D01A06-83CC-46BC-8BAC-4F61C2437DD3}.Ad-Hoc|iPhone.ActiveCfg = Release|x86
		{55D01A06-83CC-46BC-8BAC-4F61C2437DD3}.Ad-Hoc|iPhone.Build.0 = Release|x86
		{55D01A06-83CC-46BC-8BAC-4F61C2437DD3}.Ad-Hoc|iPhone.Deploy.0 = Release|x86
		{55D01A06-83CC-46BC-8BAC-4F61C2437DD3}.Ad-Hoc|iPhoneSimulator.ActiveCfg = Release|x86
		{55D01A06-83CC-46BC-8BAC-4F61C2437DD3}.Ad-Hoc|iPhoneSimulator.Build.0 = Release|x86
		{55D01A06-83CC-46BC-8BAC-4F61C2437DD3}.Ad-Hoc|iPhoneSimulator.Deploy.0 = Release|x86
		{55D01A06-83CC-46BC-8BAC-4F61C2437DD3}.Ad-Hoc|x64.ActiveCfg = Release|x64
		{55D01A06-83CC-46BC-8BAC-4F61C2437DD3}.Ad-Hoc|x64.Build.0 = Release|x64
		{55D01A06-83CC-46BC-8BAC-4F61C2437DD3}.Ad-Hoc|x64.Deploy.0 = Release|x64
		{55D01A06-83CC-46BC-8BAC-4F61C2437DD3}.Ad-Hoc|x86.ActiveCfg = Release|x86
		{55D01A06-83CC-46BC-8BAC-4F61C2437DD3}.Ad-Hoc|x86.Build.0 = Release|x86
		{55D01A06-83CC-46BC-8BAC-4F61C2437DD3}.Ad-Hoc|x86.Deploy.0 = Release|x86
		{55D01A06-83CC-46BC-8BAC-4F61C2437DD3}.AppStore|Any CPU.ActiveCfg = Release|x86
		{55D01A06-83CC-46BC-8BAC-4F61C2437DD3}.AppStore|Any CPU.Build.0 = Release|x86
		{55D01A06-83CC-46BC-8BAC-4F61C2437DD3}.AppStore|Any CPU.Deploy.0 = Release|x86
		{55D01A06-83CC-46BC-8BAC-4F61C2437DD3}.AppStore|ARM.ActiveCfg = Release|ARM
		{55D01A06-83CC-46BC-8BAC-4F61C2437DD3}.AppStore|ARM.Build.0 = Release|ARM
		{55D01A06-83CC-46BC-8BAC-4F61C2437DD3}.AppStore|ARM.Deploy.0 = Release|ARM
		{55D01A06-83CC-46BC-8BAC-4F61C2437DD3}.AppStore|iPhone.ActiveCfg = Release|x86
		{55D01A06-83CC-46BC-8BAC-4F61C2437DD3}.AppStore|iPhone.Build.0 = Release|x86
		{55D01A06-83CC-46BC-8BAC-4F61C2437DD3}.AppStore|iPhone.Deploy.0 = Release|x86
		{55D01A06-83CC-46BC-8BAC-4F61C2437DD3}.AppStore|iPhoneSimulator.ActiveCfg = Release|x86
		{55D01A06-83CC-46BC-8BAC-4F61C2437DD3}.AppStore|iPhoneSimulator.Build.0 = Release|x86
		{55D01A06-83CC-46BC-8BAC-4F61C2437DD3}.AppStore|iPhoneSimulator.Deploy.0 = Release|x86
		{55D01A06-83CC-46BC-8BAC-4F61C2437DD3}.AppStore|x64.ActiveCfg = Release|x64
		{55D01A06-83CC-46BC-8BAC-4F61C2437DD3}.AppStore|x64.Build.0 = Release|x64
		{55D01A06-83CC-46BC-8BAC-4F61C2437DD3}.AppStore|x64.Deploy.0 = Release|x64
		{55D01A06-83CC-46BC-8BAC-4F61C2437DD3}.AppStore|x86.ActiveCfg = Release|x86
		{55D01A06-83CC-46BC-8BAC-4F61C2437DD3}.AppStore|x86.Build.0 = Release|x86
		{55D01A06-83CC-46BC-8BAC-4F61C2437DD3}.AppStore|x86.Deploy.0 = Release|x86
		{55D01A06-83CC-46BC-8BAC-4F61C2437DD3}.Debug|Any CPU.ActiveCfg = Debug|x86
		{55D01A06-83CC-46BC-8BAC-4F61C2437DD3}.Debug|Any CPU.Build.0 = Debug|x86
		{55D01A06-83CC-46BC-8BAC-4F61C2437DD3}.Debug|Any CPU.Deploy.0 = Debug|x86
		{55D01A06-83CC-46BC-8BAC-4F61C2437DD3}.Debug|ARM.ActiveCfg = Debug|ARM
		{55D01A06-83CC-46BC-8BAC-4F61C2437DD3}.Debug|ARM.Build.0 = Debug|ARM
		{55D01A06-83CC-46BC-8BAC-4F61C2437DD3}.Debug|ARM.Deploy.0 = Debug|ARM
		{55D01A06-83CC-46BC-8BAC-4F61C2437DD3}.Debug|iPhone.ActiveCfg = Debug|x86
		{55D01A06-83CC-46BC-8BAC-4F61C2437DD3}.Debug|iPhone.Build.0 = Debug|x86
		{55D01A06-83CC-46BC-8BAC-4F61C2437DD3}.Debug|iPhone.Deploy.0 = Debug|x86
		{55D01A06-83CC-46BC-8BAC-4F61C2437DD3}.Debug|iPhoneSimulator.ActiveCfg = Debug|x86
		{55D01A06-83CC-46BC-8BAC-4F61C2437DD3}.Debug|iPhoneSimulator.Build.0 = Debug|x86
		{55D01A06-83CC-46BC-8BAC-4F61C2437DD3}.Debug|iPhoneSimulator.Deploy.0 = Debug|x86
		{55D01A06-83CC-46BC-8BAC-4F61C2437DD3}.Debug|x64.ActiveCfg = Debug|x64
		{55D01A06-83CC-46BC-8BAC-4F61C2437DD3}.Debug|x64.Build.0 = Debug|x64
		{55D01A06-83CC-46BC-8BAC-4F61C2437DD3}.Debug|x64.Deploy.0 = Debug|x64
		{55D01A06-83CC-46BC-8BAC-4F61C2437DD3}.Debug|x86.ActiveCfg = Debug|x86
		{55D01A06-83CC-46BC-8BAC-4F61C2437DD3}.Debug|x86.Build.0 = Debug|x86
		{55D01A06-83CC-46BC-8BAC-4F61C2437DD3}.Debug|x86.Deploy.0 = Debug|x86
		{55D01A06-83CC-46BC-8BAC-4F61C2437DD3}.Release|Any CPU.ActiveCfg = Release|x86
		{55D01A06-83CC-46BC-8BAC-4F61C2437DD3}.Release|Any CPU.Build.0 = Release|x86
		{55D01A06-83CC-46BC-8BAC-4F61C2437DD3}.Release|Any CPU.Deploy.0 = Release|x86
		{55D01A06-83CC-46BC-8BAC-4F61C2437DD3}.Release|ARM.ActiveCfg = Release|ARM
		{55D01A06-83CC-46BC-8BAC-4F61C2437DD3}.Release|ARM.Build.0 = Release|ARM
		{55D01A06-83CC-46BC-8BAC-4F61C2437DD3}.Release|ARM.Deploy.0 = Release|ARM
		{55D01A06-83CC-46BC-8BAC-4F61C2437DD3}.Release|iPhone.ActiveCfg = Release|x86
		{55D01A06-83CC-46BC-8BAC-4F61C2437DD3}.Release|iPhone.Build.0 = Release|x86
		{55D01A06-83CC-46BC-8BAC-4F61C2437DD3}.Release|iPhone.Deploy.0 = Release|x86
		{55D01A06-83CC-46BC-8BAC-4F61C2437DD3}.Release|iPhoneSimulator.ActiveCfg = Release|x86
		{55D01A06-83CC-46BC-8BAC-4F61C2437DD3}.Release|iPhoneSimulator.Build.0 = Release|x86
		{55D01A06-83CC-46BC-8BAC-4F61C2437DD3}.Release|iPhoneSimulator.Deploy.0 = Release|x86
		{55D01A06-83CC-46BC-8BAC-4F61C2437DD3}.Release|x64.ActiveCfg = Release|x64
		{55D01A06-83CC-46BC-8BAC-4F61C2437DD3}.Release|x64.Build.0 = Release|x64
		{55D01A06-83CC-46BC-8BAC-4F61C2437DD3}.Release|x64.Deploy.0 = Release|x64
		{55D01A06-83CC-46BC-8BAC-4F61C2437DD3}.Release|x86.ActiveCfg = Release|x86
		{55D01A06-83CC-46BC-8BAC-4F61C2437DD3}.Release|x86.Build.0 = Release|x86
		{55D01A06-83CC-46BC-8BAC-4F61C2437DD3}.Release|x86.Deploy.0 = Release|x86
		{FE7152FA-1947-447B-A580-13769D12EDA3}.Ad-Hoc|Any CPU.ActiveCfg = Debug|Any CPU
		{FE7152FA-1947-447B-A580-13769D12EDA3}.Ad-Hoc|Any CPU.Build.0 = Debug|Any CPU
		{FE7152FA-1947-447B-A580-13769D12EDA3}.Ad-Hoc|Any CPU.Deploy.0 = Debug|Any CPU
		{FE7152FA-1947-447B-A580-13769D12EDA3}.Ad-Hoc|ARM.ActiveCfg = Debug|Any CPU
		{FE7152FA-1947-447B-A580-13769D12EDA3}.Ad-Hoc|ARM.Build.0 = Debug|Any CPU
		{FE7152FA-1947-447B-A580-13769D12EDA3}.Ad-Hoc|ARM.Deploy.0 = Debug|Any CPU
		{FE7152FA-1947-447B-A580-13769D12EDA3}.Ad-Hoc|iPhone.ActiveCfg = Debug|Any CPU
		{FE7152FA-1947-447B-A580-13769D12EDA3}.Ad-Hoc|iPhone.Build.0 = Debug|Any CPU
		{FE7152FA-1947-447B-A580-13769D12EDA3}.Ad-Hoc|iPhone.Deploy.0 = Debug|Any CPU
		{FE7152FA-1947-447B-A580-13769D12EDA3}.Ad-Hoc|iPhoneSimulator.ActiveCfg = Debug|Any CPU
		{FE7152FA-1947-447B-A580-13769D12EDA3}.Ad-Hoc|iPhoneSimulator.Build.0 = Debug|Any CPU
		{FE7152FA-1947-447B-A580-13769D12EDA3}.Ad-Hoc|iPhoneSimulator.Deploy.0 = Debug|Any CPU
		{FE7152FA-1947-447B-A580-13769D12EDA3}.Ad-Hoc|x64.ActiveCfg = Debug|Any CPU
		{FE7152FA-1947-447B-A580-13769D12EDA3}.Ad-Hoc|x64.Build.0 = Debug|Any CPU
		{FE7152FA-1947-447B-A580-13769D12EDA3}.Ad-Hoc|x64.Deploy.0 = Debug|Any CPU
		{FE7152FA-1947-447B-A580-13769D12EDA3}.Ad-Hoc|x86.ActiveCfg = Debug|Any CPU
		{FE7152FA-1947-447B-A580-13769D12EDA3}.Ad-Hoc|x86.Build.0 = Debug|Any CPU
		{FE7152FA-1947-447B-A580-13769D12EDA3}.Ad-Hoc|x86.Deploy.0 = Debug|Any CPU
		{FE7152FA-1947-447B-A580-13769D12EDA3}.AppStore|Any CPU.ActiveCfg = Debug|Any CPU
		{FE7152FA-1947-447B-A580-13769D12EDA3}.AppStore|Any CPU.Build.0 = Debug|Any CPU
		{FE7152FA-1947-447B-A580-13769D12EDA3}.AppStore|Any CPU.Deploy.0 = Debug|Any CPU
		{FE7152FA-1947-447B-A580-13769D12EDA3}.AppStore|ARM.ActiveCfg = Debug|Any CPU
		{FE7152FA-1947-447B-A580-13769D12EDA3}.AppStore|ARM.Build.0 = Debug|Any CPU
		{FE7152FA-1947-447B-A580-13769D12EDA3}.AppStore|ARM.Deploy.0 = Debug|Any CPU
		{FE7152FA-1947-447B-A580-13769D12EDA3}.AppStore|iPhone.ActiveCfg = Debug|Any CPU
		{FE7152FA-1947-447B-A580-13769D12EDA3}.AppStore|iPhone.Build.0 = Debug|Any CPU
		{FE7152FA-1947-447B-A580-13769D12EDA3}.AppStore|iPhone.Deploy.0 = Debug|Any CPU
		{FE7152FA-1947-447B-A580-13769D12EDA3}.AppStore|iPhoneSimulator.ActiveCfg = Debug|Any CPU
		{FE7152FA-1947-447B-A580-13769D12EDA3}.AppStore|iPhoneSimulator.Build.0 = Debug|Any CPU
		{FE7152FA-1947-447B-A580-13769D12EDA3}.AppStore|iPhoneSimulator.Deploy.0 = Debug|Any CPU
		{FE7152FA-1947-447B-A580-13769D12EDA3}.AppStore|x64.ActiveCfg = Debug|Any CPU
		{FE7152FA-1947-447B-A580-13769D12EDA3}.AppStore|x64.Build.0 = Debug|Any CPU
		{FE7152FA-1947-447B-A580-13769D12EDA3}.AppStore|x64.Deploy.0 = Debug|Any CPU
		{FE7152FA-1947-447B-A580-13769D12EDA3}.AppStore|x86.ActiveCfg = Debug|Any CPU
		{FE7152FA-1947-447B-A580-13769D12EDA3}.AppStore|x86.Build.0 = Debug|Any CPU
		{FE7152FA-1947-447B-A580-13769D12EDA3}.AppStore|x86.Deploy.0 = Debug|Any CPU
		{FE7152FA-1947-447B-A580-13769D12EDA3}.Debug|Any CPU.ActiveCfg = Debug|Any CPU
		{FE7152FA-1947-447B-A580-13769D12EDA3}.Debug|Any CPU.Build.0 = Debug|Any CPU
		{FE7152FA-1947-447B-A580-13769D12EDA3}.Debug|Any CPU.Deploy.0 = Debug|Any CPU
		{FE7152FA-1947-447B-A580-13769D12EDA3}.Debug|ARM.ActiveCfg = Debug|Any CPU
		{FE7152FA-1947-447B-A580-13769D12EDA3}.Debug|ARM.Build.0 = Debug|Any CPU
		{FE7152FA-1947-447B-A580-13769D12EDA3}.Debug|ARM.Deploy.0 = Debug|Any CPU
		{FE7152FA-1947-447B-A580-13769D12EDA3}.Debug|iPhone.ActiveCfg = Debug|Any CPU
		{FE7152FA-1947-447B-A580-13769D12EDA3}.Debug|iPhone.Build.0 = Debug|Any CPU
		{FE7152FA-1947-447B-A580-13769D12EDA3}.Debug|iPhone.Deploy.0 = Debug|Any CPU
		{FE7152FA-1947-447B-A580-13769D12EDA3}.Debug|iPhoneSimulator.ActiveCfg = Debug|Any CPU
		{FE7152FA-1947-447B-A580-13769D12EDA3}.Debug|iPhoneSimulator.Build.0 = Debug|Any CPU
		{FE7152FA-1947-447B-A580-13769D12EDA3}.Debug|iPhoneSimulator.Deploy.0 = Debug|Any CPU
		{FE7152FA-1947-447B-A580-13769D12EDA3}.Debug|x64.ActiveCfg = Debug|Any CPU
		{FE7152FA-1947-447B-A580-13769D12EDA3}.Debug|x64.Build.0 = Debug|Any CPU
		{FE7152FA-1947-447B-A580-13769D12EDA3}.Debug|x64.Deploy.0 = Debug|Any CPU
		{FE7152FA-1947-447B-A580-13769D12EDA3}.Debug|x86.ActiveCfg = Debug|Any CPU
		{FE7152FA-1947-447B-A580-13769D12EDA3}.Debug|x86.Build.0 = Debug|Any CPU
		{FE7152FA-1947-447B-A580-13769D12EDA3}.Debug|x86.Deploy.0 = Debug|Any CPU
		{FE7152FA-1947-447B-A580-13769D12EDA3}.Release|Any CPU.ActiveCfg = Release|Any CPU
		{FE7152FA-1947-447B-A580-13769D12EDA3}.Release|Any CPU.Build.0 = Release|Any CPU
		{FE7152FA-1947-447B-A580-13769D12EDA3}.Release|Any CPU.Deploy.0 = Release|Any CPU
		{FE7152FA-1947-447B-A580-13769D12EDA3}.Release|ARM.ActiveCfg = Release|Any CPU
		{FE7152FA-1947-447B-A580-13769D12EDA3}.Release|ARM.Build.0 = Release|Any CPU
		{FE7152FA-1947-447B-A580-13769D12EDA3}.Release|ARM.Deploy.0 = Release|Any CPU
		{FE7152FA-1947-447B-A580-13769D12EDA3}.Release|iPhone.ActiveCfg = Release|Any CPU
		{FE7152FA-1947-447B-A580-13769D12EDA3}.Release|iPhone.Build.0 = Release|Any CPU
		{FE7152FA-1947-447B-A580-13769D12EDA3}.Release|iPhone.Deploy.0 = Release|Any CPU
		{FE7152FA-1947-447B-A580-13769D12EDA3}.Release|iPhoneSimulator.ActiveCfg = Release|Any CPU
		{FE7152FA-1947-447B-A580-13769D12EDA3}.Release|iPhoneSimulator.Build.0 = Release|Any CPU
		{FE7152FA-1947-447B-A580-13769D12EDA3}.Release|iPhoneSimulator.Deploy.0 = Release|Any CPU
		{FE7152FA-1947-447B-A580-13769D12EDA3}.Release|x64.ActiveCfg = Release|Any CPU
		{FE7152FA-1947-447B-A580-13769D12EDA3}.Release|x64.Build.0 = Release|Any CPU
		{FE7152FA-1947-447B-A580-13769D12EDA3}.Release|x64.Deploy.0 = Release|Any CPU
		{FE7152FA-1947-447B-A580-13769D12EDA3}.Release|x86.ActiveCfg = Release|Any CPU
		{FE7152FA-1947-447B-A580-13769D12EDA3}.Release|x86.Build.0 = Release|Any CPU
		{FE7152FA-1947-447B-A580-13769D12EDA3}.Release|x86.Deploy.0 = Release|Any CPU
	EndGlobalSection
	GlobalSection(SolutionProperties) = preSolution
		HideSolutionNode = FALSE
	EndGlobalSection
	GlobalSection(ExtensibilityGlobals) = postSolution
		SolutionGuid = {0B60A397-0195-47F3-8E30-34D47ADC76E6}
	EndGlobalSection
EndGlobal
