
Microsoft Visual Studio Solution File, Format Version 12.00
# Visual Studio 15
VisualStudioVersion = 15.0.28307.757
MinimumVisualStudioVersion = 10.0.40219.1
Project("{FAE04EC0-301F-11D3-BF4B-00C04F79EFBC}") = "App01_ConsultarCEP.Android", "App01_ConsultarCEP\App01_ConsultarCEP.Android\App01_ConsultarCEP.Android.csproj", "{A7454654-DBFA-4BC1-8552-96DB5A3174A9}"
EndProject
Project("{FAE04EC0-301F-11D3-BF4B-00C04F79EFBC}") = "App01_ConsultarCEP.iOS", "App01_ConsultarCEP\App01_ConsultarCEP.iOS\App01_ConsultarCEP.iOS.csproj", "{89BDBA4A-2A3A-4CA3-B6AD-17356D093219}"
EndProject
Project("{FAE04EC0-301F-11D3-BF4B-00C04F79EFBC}") = "App01_ConsultarCEP.UWP", "App01_ConsultarCEP\App01_ConsultarCEP.UWP\App01_ConsultarCEP.UWP.csproj", "{087EC6D1-A52A-4504-9C5C-DC7D9E7A93D9}"
EndProject
Project("{FAE04EC0-301F-11D3-BF4B-00C04F79EFBC}") = "App01_ConsultarCEP", "App01_ConsultarCEP\App01_ConsultarCEP\App01_ConsultarCEP.csproj", "{F2F23DDD-68B3-48FB-BEAC-94E4560E0075}"
EndProject
Global
	GlobalSection(SolutionConfigurationPlatforms) = preSolution
		Ad-Hoc|Any CPU = Ad-Hoc|Any CPU
		Ad-Hoc|ARM = Ad-Hoc|ARM
		Ad-Hoc|iPhone = Ad-Hoc|iPhone
		Ad-Hoc|iPhoneSimulator = Ad-Hoc|iPhoneSimulator
		Ad-Hoc|x64 = Ad-Hoc|x64
		Ad-Hoc|x86 = Ad-Hoc|x86
		AppStore|Any CPU = AppStore|Any CPU
		AppStore|ARM = AppStore|ARM
		AppStore|iPhone = AppStore|iPhone
		AppStore|iPhoneSimulator = AppStore|iPhoneSimulator
		AppStore|x64 = AppStore|x64
		AppStore|x86 = AppStore|x86
		Debug|Any CPU = Debug|Any CPU
		Debug|ARM = Debug|ARM
		Debug|iPhone = Debug|iPhone
		Debug|iPhoneSimulator = Debug|iPhoneSimulator
		Debug|x64 = Debug|x64
		Debug|x86 = Debug|x86
		Release|Any CPU = Release|Any CPU
		Release|ARM = Release|ARM
		Release|iPhone = Release|iPhone
		Release|iPhoneSimulator = Release|iPhoneSimulator
		Release|x64 = Release|x64
		Release|x86 = Release|x86
	EndGlobalSection
	GlobalSection(ProjectConfigurationPlatforms) = postSolution
		{A7454654-DBFA-4BC1-8552-96DB5A3174A9}.Ad-Hoc|Any CPU.ActiveCfg = Release|Any CPU
		{A7454654-DBFA-4BC1-8552-96DB5A3174A9}.Ad-Hoc|Any CPU.Build.0 = Release|Any CPU
		{A7454654-DBFA-4BC1-8552-96DB5A3174A9}.Ad-Hoc|Any CPU.Deploy.0 = Release|Any CPU
		{A7454654-DBFA-4BC1-8552-96DB5A3174A9}.Ad-Hoc|ARM.ActiveCfg = Release|Any CPU
		{A7454654-DBFA-4BC1-8552-96DB5A3174A9}.Ad-Hoc|ARM.Build.0 = Release|Any CPU
		{A7454654-DBFA-4BC1-8552-96DB5A3174A9}.Ad-Hoc|ARM.Deploy.0 = Release|Any CPU
		{A7454654-DBFA-4BC1-8552-96DB5A3174A9}.Ad-Hoc|iPhone.ActiveCfg = Release|Any CPU
		{A7454654-DBFA-4BC1-8552-96DB5A3174A9}.Ad-Hoc|iPhone.Build.0 = Release|Any CPU
		{A7454654-DBFA-4BC1-8552-96DB5A3174A9}.Ad-Hoc|iPhone.Deploy.0 = Release|Any CPU
		{A7454654-DBFA-4BC1-8552-96DB5A3174A9}.Ad-Hoc|iPhoneSimulator.ActiveCfg = Release|Any CPU
		{A7454654-DBFA-4BC1-8552-96DB5A3174A9}.Ad-Hoc|iPhoneSimulator.Build.0 = Release|Any CPU
		{A7454654-DBFA-4BC1-8552-96DB5A3174A9}.Ad-Hoc|iPhoneSimulator.Deploy.0 = Release|Any CPU
		{A7454654-DBFA-4BC1-8552-96DB5A3174A9}.Ad-Hoc|x64.ActiveCfg = Release|Any CPU
		{A7454654-DBFA-4BC1-8552-96DB5A3174A9}.Ad-Hoc|x64.Build.0 = Release|Any CPU
		{A7454654-DBFA-4BC1-8552-96DB5A3174A9}.Ad-Hoc|x64.Deploy.0 = Release|Any CPU
		{A7454654-DBFA-4BC1-8552-96DB5A3174A9}.Ad-Hoc|x86.ActiveCfg = Release|Any CPU
		{A7454654-DBFA-4BC1-8552-96DB5A3174A9}.Ad-Hoc|x86.Build.0 = Release|Any CPU
		{A7454654-DBFA-4BC1-8552-96DB5A3174A9}.Ad-Hoc|x86.Deploy.0 = Release|Any CPU
		{A7454654-DBFA-4BC1-8552-96DB5A3174A9}.AppStore|Any CPU.ActiveCfg = Release|Any CPU
		{A7454654-DBFA-4BC1-8552-96DB5A3174A9}.AppStore|Any CPU.Build.0 = Release|Any CPU
		{A7454654-DBFA-4BC1-8552-96DB5A3174A9}.AppStore|Any CPU.Deploy.0 = Release|Any CPU
		{A7454654-DBFA-4BC1-8552-96DB5A3174A9}.AppStore|ARM.ActiveCfg = Release|Any CPU
		{A7454654-DBFA-4BC1-8552-96DB5A3174A9}.AppStore|ARM.Build.0 = Release|Any CPU
		{A7454654-DBFA-4BC1-8552-96DB5A3174A9}.AppStore|ARM.Deploy.0 = Release|Any CPU
		{A7454654-DBFA-4BC1-8552-96DB5A3174A9}.AppStore|iPhone.ActiveCfg = Release|Any CPU
		{A7454654-DBFA-4BC1-8552-96DB5A3174A9}.AppStore|iPhone.Build.0 = Release|Any CPU
		{A7454654-DBFA-4BC1-8552-96DB5A3174A9}.AppStore|iPhone.Deploy.0 = Release|Any CPU
		{A7454654-DBFA-4BC1-8552-96DB5A3174A9}.AppStore|iPhoneSimulator.ActiveCfg = Release|Any CPU
		{A7454654-DBFA-4BC1-8552-96DB5A3174A9}.AppStore|iPhoneSimulator.Build.0 = Release|Any CPU
		{A7454654-DBFA-4BC1-8552-96DB5A3174A9}.AppStore|iPhoneSimulator.Deploy.0 = Release|Any CPU
		{A7454654-DBFA-4BC1-8552-96DB5A3174A9}.AppStore|x64.ActiveCfg = Release|Any CPU
		{A7454654-DBFA-4BC1-8552-96DB5A3174A9}.AppStore|x64.Build.0 = Release|Any CPU
		{A7454654-DBFA-4BC1-8552-96DB5A3174A9}.AppStore|x64.Deploy.0 = Release|Any CPU
		{A7454654-DBFA-4BC1-8552-96DB5A3174A9}.AppStore|x86.ActiveCfg = Release|Any CPU
		{A7454654-DBFA-4BC1-8552-96DB5A3174A9}.AppStore|x86.Build.0 = Release|Any CPU
		{A7454654-DBFA-4BC1-8552-96DB5A3174A9}.AppStore|x86.Deploy.0 = Release|Any CPU
		{A7454654-DBFA-4BC1-8552-96DB5A3174A9}.Debug|Any CPU.ActiveCfg = Debug|Any CPU
		{A7454654-DBFA-4BC1-8552-96DB5A3174A9}.Debug|Any CPU.Build.0 = Debug|Any CPU
		{A7454654-DBFA-4BC1-8552-96DB5A3174A9}.Debug|Any CPU.Deploy.0 = Debug|Any CPU
		{A7454654-DBFA-4BC1-8552-96DB5A3174A9}.Debug|ARM.ActiveCfg = Debug|Any CPU
		{A7454654-DBFA-4BC1-8552-96DB5A3174A9}.Debug|ARM.Build.0 = Debug|Any CPU
		{A7454654-DBFA-4BC1-8552-96DB5A3174A9}.Debug|ARM.Deploy.0 = Debug|Any CPU
		{A7454654-DBFA-4BC1-8552-96DB5A3174A9}.Debug|iPhone.ActiveCfg = Debug|Any CPU
		{A7454654-DBFA-4BC1-8552-96DB5A3174A9}.Debug|iPhone.Build.0 = Debug|Any CPU
		{A7454654-DBFA-4BC1-8552-96DB5A3174A9}.Debug|iPhone.Deploy.0 = Debug|Any CPU
		{A7454654-DBFA-4BC1-8552-96DB5A3174A9}.Debug|iPhoneSimulator.ActiveCfg = Debug|Any CPU
		{A7454654-DBFA-4BC1-8552-96DB5A3174A9}.Debug|iPhoneSimulator.Build.0 = Debug|Any CPU
		{A7454654-DBFA-4BC1-8552-96DB5A3174A9}.Debug|iPhoneSimulator.Deploy.0 = Debug|Any CPU
		{A7454654-DBFA-4BC1-8552-96DB5A3174A9}.Debug|x64.ActiveCfg = Debug|Any CPU
		{A7454654-DBFA-4BC1-8552-96DB5A3174A9}.Debug|x64.Build.0 = Debug|Any CPU
		{A7454654-DBFA-4BC1-8552-96DB5A3174A9}.Debug|x64.Deploy.0 = Debug|Any CPU
		{A7454654-DBFA-4BC1-8552-96DB5A3174A9}.Debug|x86.ActiveCfg = Debug|Any CPU
		{A7454654-DBFA-4BC1-8552-96DB5A3174A9}.Debug|x86.Build.0 = Debug|Any CPU
		{A7454654-DBFA-4BC1-8552-96DB5A3174A9}.Debug|x86.Deploy.0 = Debug|Any CPU
		{A7454654-DBFA-4BC1-8552-96DB5A3174A9}.Release|Any CPU.ActiveCfg = Release|Any CPU
		{A7454654-DBFA-4BC1-8552-96DB5A3174A9}.Release|Any CPU.Build.0 = Release|Any CPU
		{A7454654-DBFA-4BC1-8552-96DB5A3174A9}.Release|Any CPU.Deploy.0 = Release|Any CPU
		{A7454654-DBFA-4BC1-8552-96DB5A3174A9}.Release|ARM.ActiveCfg = Release|Any CPU
		{A7454654-DBFA-4BC1-8552-96DB5A3174A9}.Release|ARM.Build.0 = Release|Any CPU
		{A7454654-DBFA-4BC1-8552-96DB5A3174A9}.Release|ARM.Deploy.0 = Release|Any CPU
		{A7454654-DBFA-4BC1-8552-96DB5A3174A9}.Release|iPhone.ActiveCfg = Release|Any CPU
		{A7454654-DBFA-4BC1-8552-96DB5A3174A9}.Release|iPhone.Build.0 = Release|Any CPU
		{A7454654-DBFA-4BC1-8552-96DB5A3174A9}.Release|iPhone.Deploy.0 = Release|Any CPU
		{A7454654-DBFA-4BC1-8552-96DB5A3174A9}.Release|iPhoneSimulator.ActiveCfg = Release|Any CPU
		{A7454654-DBFA-4BC1-8552-96DB5A3174A9}.Release|iPhoneSimulator.Build.0 = Release|Any CPU
		{A7454654-DBFA-4BC1-8552-96DB5A3174A9}.Release|iPhoneSimulator.Deploy.0 = Release|Any CPU
		{A7454654-DBFA-4BC1-8552-96DB5A3174A9}.Release|x64.ActiveCfg = Release|Any CPU
		{A7454654-DBFA-4BC1-8552-96DB5A3174A9}.Release|x64.Build.0 = Release|Any CPU
		{A7454654-DBFA-4BC1-8552-96DB5A3174A9}.Release|x64.Deploy.0 = Release|Any CPU
		{A7454654-DBFA-4BC1-8552-96DB5A3174A9}.Release|x86.ActiveCfg = Release|Any CPU
		{A7454654-DBFA-4BC1-8552-96DB5A3174A9}.Release|x86.Build.0 = Release|Any CPU
		{A7454654-DBFA-4BC1-8552-96DB5A3174A9}.Release|x86.Deploy.0 = Release|Any CPU
		{89BDBA4A-2A3A-4CA3-B6AD-17356D093219}.Ad-Hoc|Any CPU.ActiveCfg = Ad-Hoc|iPhone
		{89BDBA4A-2A3A-4CA3-B6AD-17356D093219}.Ad-Hoc|Any CPU.Build.0 = Ad-Hoc|iPhone
		{89BDBA4A-2A3A-4CA3-B6AD-17356D093219}.Ad-Hoc|Any CPU.Deploy.0 = Ad-Hoc|iPhone
		{89BDBA4A-2A3A-4CA3-B6AD-17356D093219}.Ad-Hoc|ARM.ActiveCfg = Ad-Hoc|iPhone
		{89BDBA4A-2A3A-4CA3-B6AD-17356D093219}.Ad-Hoc|ARM.Build.0 = Ad-Hoc|iPhone
		{89BDBA4A-2A3A-4CA3-B6AD-17356D093219}.Ad-Hoc|ARM.Deploy.0 = Ad-Hoc|iPhone
		{89BDBA4A-2A3A-4CA3-B6AD-17356D093219}.Ad-Hoc|iPhone.ActiveCfg = Ad-Hoc|iPhone
		{89BDBA4A-2A3A-4CA3-B6AD-17356D093219}.Ad-Hoc|iPhone.Build.0 = Ad-Hoc|iPhone
		{89BDBA4A-2A3A-4CA3-B6AD-17356D093219}.Ad-Hoc|iPhone.Deploy.0 = Ad-Hoc|iPhone
		{89BDBA4A-2A3A-4CA3-B6AD-17356D093219}.Ad-Hoc|iPhoneSimulator.ActiveCfg = Ad-Hoc|iPhoneSimulator
		{89BDBA4A-2A3A-4CA3-B6AD-17356D093219}.Ad-Hoc|iPhoneSimulator.Build.0 = Ad-Hoc|iPhoneSimulator
		{89BDBA4A-2A3A-4CA3-B6AD-17356D093219}.Ad-Hoc|iPhoneSimulator.Deploy.0 = Ad-Hoc|iPhoneSimulator
		{89BDBA4A-2A3A-4CA3-B6AD-17356D093219}.Ad-Hoc|x64.ActiveCfg = Ad-Hoc|iPhone
		{89BDBA4A-2A3A-4CA3-B6AD-17356D093219}.Ad-Hoc|x64.Build.0 = Ad-Hoc|iPhone
		{89BDBA4A-2A3A-4CA3-B6AD-17356D093219}.Ad-Hoc|x64.Deploy.0 = Ad-Hoc|iPhone
		{89BDBA4A-2A3A-4CA3-B6AD-17356D093219}.Ad-Hoc|x86.ActiveCfg = Ad-Hoc|iPhone
		{89BDBA4A-2A3A-4CA3-B6AD-17356D093219}.Ad-Hoc|x86.Build.0 = Ad-Hoc|iPhone
		{89BDBA4A-2A3A-4CA3-B6AD-17356D093219}.Ad-Hoc|x86.Deploy.0 = Ad-Hoc|iPhone
		{89BDBA4A-2A3A-4CA3-B6AD-17356D093219}.AppStore|Any CPU.ActiveCfg = AppStore|iPhone
		{89BDBA4A-2A3A-4CA3-B6AD-17356D093219}.AppStore|Any CPU.Build.0 = AppStore|iPhone
		{89BDBA4A-2A3A-4CA3-B6AD-17356D093219}.AppStore|Any CPU.Deploy.0 = AppStore|iPhone
		{89BDBA4A-2A3A-4CA3-B6AD-17356D093219}.AppStore|ARM.ActiveCfg = AppStore|iPhone
		{89BDBA4A-2A3A-4CA3-B6AD-17356D093219}.AppStore|ARM.Build.0 = AppStore|iPhone
		{89BDBA4A-2A3A-4CA3-B6AD-17356D093219}.AppStore|ARM.Deploy.0 = AppStore|iPhone
		{89BDBA4A-2A3A-4CA3-B6AD-17356D093219}.AppStore|iPhone.ActiveCfg = AppStore|iPhone
		{89BDBA4A-2A3A-4CA3-B6AD-17356D093219}.AppStore|iPhone.Build.0 = AppStore|iPhone
		{89BDBA4A-2A3A-4CA3-B6AD-17356D093219}.AppStore|iPhone.Deploy.0 = AppStore|iPhone
		{89BDBA4A-2A3A-4CA3-B6AD-17356D093219}.AppStore|iPhoneSimulator.ActiveCfg = AppStore|iPhoneSimulator
		{89BDBA4A-2A3A-4CA3-B6AD-17356D093219}.AppStore|iPhoneSimulator.Build.0 = AppStore|iPhoneSimulator
		{89BDBA4A-2A3A-4CA3-B6AD-17356D093219}.AppStore|iPhoneSimulator.Deploy.0 = AppStore|iPhoneSimulator
		{89BDBA4A-2A3A-4CA3-B6AD-17356D093219}.AppStore|x64.ActiveCfg = AppStore|iPhone
		{89BDBA4A-2A3A-4CA3-B6AD-17356D093219}.AppStore|x64.Build.0 = AppStore|iPhone
		{89BDBA4A-2A3A-4CA3-B6AD-17356D093219}.AppStore|x64.Deploy.0 = AppStore|iPhone
		{89BDBA4A-2A3A-4CA3-B6AD-17356D093219}.AppStore|x86.ActiveCfg = AppStore|iPhone
		{89BDBA4A-2A3A-4CA3-B6AD-17356D093219}.AppStore|x86.Build.0 = AppStore|iPhone
		{89BDBA4A-2A3A-4CA3-B6AD-17356D093219}.AppStore|x86.Deploy.0 = AppStore|iPhone
		{89BDBA4A-2A3A-4CA3-B6AD-17356D093219}.Debug|Any CPU.ActiveCfg = Debug|iPhoneSimulator
		{89BDBA4A-2A3A-4CA3-B6AD-17356D093219}.Debug|Any CPU.Build.0 = Debug|iPhoneSimulator
		{89BDBA4A-2A3A-4CA3-B6AD-17356D093219}.Debug|Any CPU.Deploy.0 = Debug|iPhoneSimulator
		{89BDBA4A-2A3A-4CA3-B6AD-17356D093219}.Debug|ARM.ActiveCfg = Debug|iPhone
		{89BDBA4A-2A3A-4CA3-B6AD-17356D093219}.Debug|ARM.Build.0 = Debug|iPhone
		{89BDBA4A-2A3A-4CA3-B6AD-17356D093219}.Debug|ARM.Deploy.0 = Debug|iPhone
		{89BDBA4A-2A3A-4CA3-B6AD-17356D093219}.Debug|iPhone.ActiveCfg = Debug|iPhone
		{89BDBA4A-2A3A-4CA3-B6AD-17356D093219}.Debug|iPhone.Build.0 = Debug|iPhone
		{89BDBA4A-2A3A-4CA3-B6AD-17356D093219}.Debug|iPhone.Deploy.0 = Debug|iPhone
		{89BDBA4A-2A3A-4CA3-B6AD-17356D093219}.Debug|iPhoneSimulator.ActiveCfg = Debug|iPhoneSimulator
		{89BDBA4A-2A3A-4CA3-B6AD-17356D093219}.Debug|iPhoneSimulator.Build.0 = Debug|iPhoneSimulator
		{89BDBA4A-2A3A-4CA3-B6AD-17356D093219}.Debug|iPhoneSimulator.Deploy.0 = Debug|iPhoneSimulator
		{89BDBA4A-2A3A-4CA3-B6AD-17356D093219}.Debug|x64.ActiveCfg = Debug|iPhone
		{89BDBA4A-2A3A-4CA3-B6AD-17356D093219}.Debug|x64.Build.0 = Debug|iPhone
		{89BDBA4A-2A3A-4CA3-B6AD-17356D093219}.Debug|x64.Deploy.0 = Debug|iPhone
		{89BDBA4A-2A3A-4CA3-B6AD-17356D093219}.Debug|x86.ActiveCfg = Debug|iPhone
		{89BDBA4A-2A3A-4CA3-B6AD-17356D093219}.Debug|x86.Build.0 = Debug|iPhone
		{89BDBA4A-2A3A-4CA3-B6AD-17356D093219}.Debug|x86.Deploy.0 = Debug|iPhone
		{89BDBA4A-2A3A-4CA3-B6AD-17356D093219}.Release|Any CPU.ActiveCfg = Release|iPhone
		{89BDBA4A-2A3A-4CA3-B6AD-17356D093219}.Release|Any CPU.Build.0 = Release|iPhone
		{89BDBA4A-2A3A-4CA3-B6AD-17356D093219}.Release|Any CPU.Deploy.0 = Release|iPhone
		{89BDBA4A-2A3A-4CA3-B6AD-17356D093219}.Release|ARM.ActiveCfg = Release|iPhone
		{89BDBA4A-2A3A-4CA3-B6AD-17356D093219}.Release|ARM.Build.0 = Release|iPhone
		{89BDBA4A-2A3A-4CA3-B6AD-17356D093219}.Release|ARM.Deploy.0 = Release|iPhone
		{89BDBA4A-2A3A-4CA3-B6AD-17356D093219}.Release|iPhone.ActiveCfg = Release|iPhone
		{89BDBA4A-2A3A-4CA3-B6AD-17356D093219}.Release|iPhone.Build.0 = Release|iPhone
		{89BDBA4A-2A3A-4CA3-B6AD-17356D093219}.Release|iPhone.Deploy.0 = Release|iPhone
		{89BDBA4A-2A3A-4CA3-B6AD-17356D093219}.Release|iPhoneSimulator.ActiveCfg = Release|iPhoneSimulator
		{89BDBA4A-2A3A-4CA3-B6AD-17356D093219}.Release|iPhoneSimulator.Build.0 = Release|iPhoneSimulator
		{89BDBA4A-2A3A-4CA3-B6AD-17356D093219}.Release|iPhoneSimulator.Deploy.0 = Release|iPhoneSimulator
		{89BDBA4A-2A3A-4CA3-B6AD-17356D093219}.Release|x64.ActiveCfg = Release|iPhone
		{89BDBA4A-2A3A-4CA3-B6AD-17356D093219}.Release|x64.Build.0 = Release|iPhone
		{89BDBA4A-2A3A-4CA3-B6AD-17356D093219}.Release|x64.Deploy.0 = Release|iPhone
		{89BDBA4A-2A3A-4CA3-B6AD-17356D093219}.Release|x86.ActiveCfg = Release|iPhone
		{89BDBA4A-2A3A-4CA3-B6AD-17356D093219}.Release|x86.Build.0 = Release|iPhone
		{89BDBA4A-2A3A-4CA3-B6AD-17356D093219}.Release|x86.Deploy.0 = Release|iPhone
		{087EC6D1-A52A-4504-9C5C-DC7D9E7A93D9}.Ad-Hoc|Any CPU.ActiveCfg = Release|x86
		{087EC6D1-A52A-4504-9C5C-DC7D9E7A93D9}.Ad-Hoc|Any CPU.Build.0 = Release|x86
		{087EC6D1-A52A-4504-9C5C-DC7D9E7A93D9}.Ad-Hoc|Any CPU.Deploy.0 = Release|x86
		{087EC6D1-A52A-4504-9C5C-DC7D9E7A93D9}.Ad-Hoc|ARM.ActiveCfg = Release|ARM
		{087EC6D1-A52A-4504-9C5C-DC7D9E7A93D9}.Ad-Hoc|ARM.Build.0 = Release|ARM
		{087EC6D1-A52A-4504-9C5C-DC7D9E7A93D9}.Ad-Hoc|ARM.Deploy.0 = Release|ARM
		{087EC6D1-A52A-4504-9C5C-DC7D9E7A93D9}.Ad-Hoc|iPhone.ActiveCfg = Release|x86
		{087EC6D1-A52A-4504-9C5C-DC7D9E7A93D9}.Ad-Hoc|iPhone.Build.0 = Release|x86
		{087EC6D1-A52A-4504-9C5C-DC7D9E7A93D9}.Ad-Hoc|iPhone.Deploy.0 = Release|x86
		{087EC6D1-A52A-4504-9C5C-DC7D9E7A93D9}.Ad-Hoc|iPhoneSimulator.ActiveCfg = Release|x86
		{087EC6D1-A52A-4504-9C5C-DC7D9E7A93D9}.Ad-Hoc|iPhoneSimulator.Build.0 = Release|x86
		{087EC6D1-A52A-4504-9C5C-DC7D9E7A93D9}.Ad-Hoc|iPhoneSimulator.Deploy.0 = Release|x86
		{087EC6D1-A52A-4504-9C5C-DC7D9E7A93D9}.Ad-Hoc|x64.ActiveCfg = Release|x64
		{087EC6D1-A52A-4504-9C5C-DC7D9E7A93D9}.Ad-Hoc|x64.Build.0 = Release|x64
		{087EC6D1-A52A-4504-9C5C-DC7D9E7A93D9}.Ad-Hoc|x64.Deploy.0 = Release|x64
		{087EC6D1-A52A-4504-9C5C-DC7D9E7A93D9}.Ad-Hoc|x86.ActiveCfg = Release|x86
		{087EC6D1-A52A-4504-9C5C-DC7D9E7A93D9}.Ad-Hoc|x86.Build.0 = Release|x86
		{087EC6D1-A52A-4504-9C5C-DC7D9E7A93D9}.Ad-Hoc|x86.Deploy.0 = Release|x86
		{087EC6D1-A52A-4504-9C5C-DC7D9E7A93D9}.AppStore|Any CPU.ActiveCfg = Release|x86
		{087EC6D1-A52A-4504-9C5C-DC7D9E7A93D9}.AppStore|Any CPU.Build.0 = Release|x86
		{087EC6D1-A52A-4504-9C5C-DC7D9E7A93D9}.AppStore|Any CPU.Deploy.0 = Release|x86
		{087EC6D1-A52A-4504-9C5C-DC7D9E7A93D9}.AppStore|ARM.ActiveCfg = Release|ARM
		{087EC6D1-A52A-4504-9C5C-DC7D9E7A93D9}.AppStore|ARM.Build.0 = Release|ARM
		{087EC6D1-A52A-4504-9C5C-DC7D9E7A93D9}.AppStore|ARM.Deploy.0 = Release|ARM
		{087EC6D1-A52A-4504-9C5C-DC7D9E7A93D9}.AppStore|iPhone.ActiveCfg = Release|x86
		{087EC6D1-A52A-4504-9C5C-DC7D9E7A93D9}.AppStore|iPhone.Build.0 = Release|x86
		{087EC6D1-A52A-4504-9C5C-DC7D9E7A93D9}.AppStore|iPhone.Deploy.0 = Release|x86
		{087EC6D1-A52A-4504-9C5C-DC7D9E7A93D9}.AppStore|iPhoneSimulator.ActiveCfg = Release|x86
		{087EC6D1-A52A-4504-9C5C-DC7D9E7A93D9}.AppStore|iPhoneSimulator.Build.0 = Release|x86
		{087EC6D1-A52A-4504-9C5C-DC7D9E7A93D9}.AppStore|iPhoneSimulator.Deploy.0 = Release|x86
		{087EC6D1-A52A-4504-9C5C-DC7D9E7A93D9}.AppStore|x64.ActiveCfg = Release|x64
		{087EC6D1-A52A-4504-9C5C-DC7D9E7A93D9}.AppStore|x64.Build.0 = Release|x64
		{087EC6D1-A52A-4504-9C5C-DC7D9E7A93D9}.AppStore|x64.Deploy.0 = Release|x64
		{087EC6D1-A52A-4504-9C5C-DC7D9E7A93D9}.AppStore|x86.ActiveCfg = Release|x86
		{087EC6D1-A52A-4504-9C5C-DC7D9E7A93D9}.AppStore|x86.Build.0 = Release|x86
		{087EC6D1-A52A-4504-9C5C-DC7D9E7A93D9}.AppStore|x86.Deploy.0 = Release|x86
		{087EC6D1-A52A-4504-9C5C-DC7D9E7A93D9}.Debug|Any CPU.ActiveCfg = Debug|x86
		{087EC6D1-A52A-4504-9C5C-DC7D9E7A93D9}.Debug|Any CPU.Build.0 = Debug|x86
		{087EC6D1-A52A-4504-9C5C-DC7D9E7A93D9}.Debug|Any CPU.Deploy.0 = Debug|x86
		{087EC6D1-A52A-4504-9C5C-DC7D9E7A93D9}.Debug|ARM.ActiveCfg = Debug|ARM
		{087EC6D1-A52A-4504-9C5C-DC7D9E7A93D9}.Debug|ARM.Build.0 = Debug|ARM
		{087EC6D1-A52A-4504-9C5C-DC7D9E7A93D9}.Debug|ARM.Deploy.0 = Debug|ARM
		{087EC6D1-A52A-4504-9C5C-DC7D9E7A93D9}.Debug|iPhone.ActiveCfg = Debug|x86
		{087EC6D1-A52A-4504-9C5C-DC7D9E7A93D9}.Debug|iPhone.Build.0 = Debug|x86
		{087EC6D1-A52A-4504-9C5C-DC7D9E7A93D9}.Debug|iPhone.Deploy.0 = Debug|x86
		{087EC6D1-A52A-4504-9C5C-DC7D9E7A93D9}.Debug|iPhoneSimulator.ActiveCfg = Debug|x86
		{087EC6D1-A52A-4504-9C5C-DC7D9E7A93D9}.Debug|iPhoneSimulator.Build.0 = Debug|x86
		{087EC6D1-A52A-4504-9C5C-DC7D9E7A93D9}.Debug|iPhoneSimulator.Deploy.0 = Debug|x86
		{087EC6D1-A52A-4504-9C5C-DC7D9E7A93D9}.Debug|x64.ActiveCfg = Debug|x64
		{087EC6D1-A52A-4504-9C5C-DC7D9E7A93D9}.Debug|x64.Build.0 = Debug|x64
		{087EC6D1-A52A-4504-9C5C-DC7D9E7A93D9}.Debug|x64.Deploy.0 = Debug|x64
		{087EC6D1-A52A-4504-9C5C-DC7D9E7A93D9}.Debug|x86.ActiveCfg = Debug|x86
		{087EC6D1-A52A-4504-9C5C-DC7D9E7A93D9}.Debug|x86.Build.0 = Debug|x86
		{087EC6D1-A52A-4504-9C5C-DC7D9E7A93D9}.Debug|x86.Deploy.0 = Debug|x86
		{087EC6D1-A52A-4504-9C5C-DC7D9E7A93D9}.Release|Any CPU.ActiveCfg = Release|x86
		{087EC6D1-A52A-4504-9C5C-DC7D9E7A93D9}.Release|Any CPU.Build.0 = Release|x86
		{087EC6D1-A52A-4504-9C5C-DC7D9E7A93D9}.Release|Any CPU.Deploy.0 = Release|x86
		{087EC6D1-A52A-4504-9C5C-DC7D9E7A93D9}.Release|ARM.ActiveCfg = Release|ARM
		{087EC6D1-A52A-4504-9C5C-DC7D9E7A93D9}.Release|ARM.Build.0 = Release|ARM
		{087EC6D1-A52A-4504-9C5C-DC7D9E7A93D9}.Release|ARM.Deploy.0 = Release|ARM
		{087EC6D1-A52A-4504-9C5C-DC7D9E7A93D9}.Release|iPhone.ActiveCfg = Release|x86
		{087EC6D1-A52A-4504-9C5C-DC7D9E7A93D9}.Release|iPhone.Build.0 = Release|x86
		{087EC6D1-A52A-4504-9C5C-DC7D9E7A93D9}.Release|iPhone.Deploy.0 = Release|x86
		{087EC6D1-A52A-4504-9C5C-DC7D9E7A93D9}.Release|iPhoneSimulator.ActiveCfg = Release|x86
		{087EC6D1-A52A-4504-9C5C-DC7D9E7A93D9}.Release|iPhoneSimulator.Build.0 = Release|x86
		{087EC6D1-A52A-4504-9C5C-DC7D9E7A93D9}.Release|iPhoneSimulator.Deploy.0 = Release|x86
		{087EC6D1-A52A-4504-9C5C-DC7D9E7A93D9}.Release|x64.ActiveCfg = Release|x64
		{087EC6D1-A52A-4504-9C5C-DC7D9E7A93D9}.Release|x64.Build.0 = Release|x64
		{087EC6D1-A52A-4504-9C5C-DC7D9E7A93D9}.Release|x64.Deploy.0 = Release|x64
		{087EC6D1-A52A-4504-9C5C-DC7D9E7A93D9}.Release|x86.ActiveCfg = Release|x86
		{087EC6D1-A52A-4504-9C5C-DC7D9E7A93D9}.Release|x86.Build.0 = Release|x86
		{087EC6D1-A52A-4504-9C5C-DC7D9E7A93D9}.Release|x86.Deploy.0 = Release|x86
		{F2F23DDD-68B3-48FB-BEAC-94E4560E0075}.Ad-Hoc|Any CPU.ActiveCfg = Debug|Any CPU
		{F2F23DDD-68B3-48FB-BEAC-94E4560E0075}.Ad-Hoc|Any CPU.Build.0 = Debug|Any CPU
		{F2F23DDD-68B3-48FB-BEAC-94E4560E0075}.Ad-Hoc|Any CPU.Deploy.0 = Debug|Any CPU
		{F2F23DDD-68B3-48FB-BEAC-94E4560E0075}.Ad-Hoc|ARM.ActiveCfg = Debug|Any CPU
		{F2F23DDD-68B3-48FB-BEAC-94E4560E0075}.Ad-Hoc|ARM.Build.0 = Debug|Any CPU
		{F2F23DDD-68B3-48FB-BEAC-94E4560E0075}.Ad-Hoc|ARM.Deploy.0 = Debug|Any CPU
		{F2F23DDD-68B3-48FB-BEAC-94E4560E0075}.Ad-Hoc|iPhone.ActiveCfg = Debug|Any CPU
		{F2F23DDD-68B3-48FB-BEAC-94E4560E0075}.Ad-Hoc|iPhone.Build.0 = Debug|Any CPU
		{F2F23DDD-68B3-48FB-BEAC-94E4560E0075}.Ad-Hoc|iPhone.Deploy.0 = Debug|Any CPU
		{F2F23DDD-68B3-48FB-BEAC-94E4560E0075}.Ad-Hoc|iPhoneSimulator.ActiveCfg = Debug|Any CPU
		{F2F23DDD-68B3-48FB-BEAC-94E4560E0075}.Ad-Hoc|iPhoneSimulator.Build.0 = Debug|Any CPU
		{F2F23DDD-68B3-48FB-BEAC-94E4560E0075}.Ad-Hoc|iPhoneSimulator.Deploy.0 = Debug|Any CPU
		{F2F23DDD-68B3-48FB-BEAC-94E4560E0075}.Ad-Hoc|x64.ActiveCfg = Debug|Any CPU
		{F2F23DDD-68B3-48FB-BEAC-94E4560E0075}.Ad-Hoc|x64.Build.0 = Debug|Any CPU
		{F2F23DDD-68B3-48FB-BEAC-94E4560E0075}.Ad-Hoc|x64.Deploy.0 = Debug|Any CPU
		{F2F23DDD-68B3-48FB-BEAC-94E4560E0075}.Ad-Hoc|x86.ActiveCfg = Debug|Any CPU
		{F2F23DDD-68B3-48FB-BEAC-94E4560E0075}.Ad-Hoc|x86.Build.0 = Debug|Any CPU
		{F2F23DDD-68B3-48FB-BEAC-94E4560E0075}.Ad-Hoc|x86.Deploy.0 = Debug|Any CPU
		{F2F23DDD-68B3-48FB-BEAC-94E4560E0075}.AppStore|Any CPU.ActiveCfg = Debug|Any CPU
		{F2F23DDD-68B3-48FB-BEAC-94E4560E0075}.AppStore|Any CPU.Build.0 = Debug|Any CPU
		{F2F23DDD-68B3-48FB-BEAC-94E4560E0075}.AppStore|Any CPU.Deploy.0 = Debug|Any CPU
		{F2F23DDD-68B3-48FB-BEAC-94E4560E0075}.AppStore|ARM.ActiveCfg = Debug|Any CPU
		{F2F23DDD-68B3-48FB-BEAC-94E4560E0075}.AppStore|ARM.Build.0 = Debug|Any CPU
		{F2F23DDD-68B3-48FB-BEAC-94E4560E0075}.AppStore|ARM.Deploy.0 = Debug|Any CPU
		{F2F23DDD-68B3-48FB-BEAC-94E4560E0075}.AppStore|iPhone.ActiveCfg = Debug|Any CPU
		{F2F23DDD-68B3-48FB-BEAC-94E4560E0075}.AppStore|iPhone.Build.0 = Debug|Any CPU
		{F2F23DDD-68B3-48FB-BEAC-94E4560E0075}.AppStore|iPhone.Deploy.0 = Debug|Any CPU
		{F2F23DDD-68B3-48FB-BEAC-94E4560E0075}.AppStore|iPhoneSimulator.ActiveCfg = Debug|Any CPU
		{F2F23DDD-68B3-48FB-BEAC-94E4560E0075}.AppStore|iPhoneSimulator.Build.0 = Debug|Any CPU
		{F2F23DDD-68B3-48FB-BEAC-94E4560E0075}.AppStore|iPhoneSimulator.Deploy.0 = Debug|Any CPU
		{F2F23DDD-68B3-48FB-BEAC-94E4560E0075}.AppStore|x64.ActiveCfg = Debug|Any CPU
		{F2F23DDD-68B3-48FB-BEAC-94E4560E0075}.AppStore|x64.Build.0 = Debug|Any CPU
		{F2F23DDD-68B3-48FB-BEAC-94E4560E0075}.AppStore|x64.Deploy.0 = Debug|Any CPU
		{F2F23DDD-68B3-48FB-BEAC-94E4560E0075}.AppStore|x86.ActiveCfg = Debug|Any CPU
		{F2F23DDD-68B3-48FB-BEAC-94E4560E0075}.AppStore|x86.Build.0 = Debug|Any CPU
		{F2F23DDD-68B3-48FB-BEAC-94E4560E0075}.AppStore|x86.Deploy.0 = Debug|Any CPU
		{F2F23DDD-68B3-48FB-BEAC-94E4560E0075}.Debug|Any CPU.ActiveCfg = Debug|Any CPU
		{F2F23DDD-68B3-48FB-BEAC-94E4560E0075}.Debug|Any CPU.Build.0 = Debug|Any CPU
		{F2F23DDD-68B3-48FB-BEAC-94E4560E0075}.Debug|Any CPU.Deploy.0 = Debug|Any CPU
		{F2F23DDD-68B3-48FB-BEAC-94E4560E0075}.Debug|ARM.ActiveCfg = Debug|Any CPU
		{F2F23DDD-68B3-48FB-BEAC-94E4560E0075}.Debug|ARM.Build.0 = Debug|Any CPU
		{F2F23DDD-68B3-48FB-BEAC-94E4560E0075}.Debug|ARM.Deploy.0 = Debug|Any CPU
		{F2F23DDD-68B3-48FB-BEAC-94E4560E0075}.Debug|iPhone.ActiveCfg = Debug|Any CPU
		{F2F23DDD-68B3-48FB-BEAC-94E4560E0075}.Debug|iPhone.Build.0 = Debug|Any CPU
		{F2F23DDD-68B3-48FB-BEAC-94E4560E0075}.Debug|iPhone.Deploy.0 = Debug|Any CPU
		{F2F23DDD-68B3-48FB-BEAC-94E4560E0075}.Debug|iPhoneSimulator.ActiveCfg = Debug|Any CPU
		{F2F23DDD-68B3-48FB-BEAC-94E4560E0075}.Debug|iPhoneSimulator.Build.0 = Debug|Any CPU
		{F2F23DDD-68B3-48FB-BEAC-94E4560E0075}.Debug|iPhoneSimulator.Deploy.0 = Debug|Any CPU
		{F2F23DDD-68B3-48FB-BEAC-94E4560E0075}.Debug|x64.ActiveCfg = Debug|Any CPU
		{F2F23DDD-68B3-48FB-BEAC-94E4560E0075}.Debug|x64.Build.0 = Debug|Any CPU
		{F2F23DDD-68B3-48FB-BEAC-94E4560E0075}.Debug|x64.Deploy.0 = Debug|Any CPU
		{F2F23DDD-68B3-48FB-BEAC-94E4560E0075}.Debug|x86.ActiveCfg = Debug|Any CPU
		{F2F23DDD-68B3-48FB-BEAC-94E4560E0075}.Debug|x86.Build.0 = Debug|Any CPU
		{F2F23DDD-68B3-48FB-BEAC-94E4560E0075}.Debug|x86.Deploy.0 = Debug|Any CPU
		{F2F23DDD-68B3-48FB-BEAC-94E4560E0075}.Release|Any CPU.ActiveCfg = Release|Any CPU
		{F2F23DDD-68B3-48FB-BEAC-94E4560E0075}.Release|Any CPU.Build.0 = Release|Any CPU
		{F2F23DDD-68B3-48FB-BEAC-94E4560E0075}.Release|Any CPU.Deploy.0 = Release|Any CPU
		{F2F23DDD-68B3-48FB-BEAC-94E4560E0075}.Release|ARM.ActiveCfg = Release|Any CPU
		{F2F23DDD-68B3-48FB-BEAC-94E4560E0075}.Release|ARM.Build.0 = Release|Any CPU
		{F2F23DDD-68B3-48FB-BEAC-94E4560E0075}.Release|ARM.Deploy.0 = Release|Any CPU
		{F2F23DDD-68B3-48FB-BEAC-94E4560E0075}.Release|iPhone.ActiveCfg = Release|Any CPU
		{F2F23DDD-68B3-48FB-BEAC-94E4560E0075}.Release|iPhone.Build.0 = Release|Any CPU
		{F2F23DDD-68B3-48FB-BEAC-94E4560E0075}.Release|iPhone.Deploy.0 = Release|Any CPU
		{F2F23DDD-68B3-48FB-BEAC-94E4560E0075}.Release|iPhoneSimulator.ActiveCfg = Release|Any CPU
		{F2F23DDD-68B3-48FB-BEAC-94E4560E0075}.Release|iPhoneSimulator.Build.0 = Release|Any CPU
		{F2F23DDD-68B3-48FB-BEAC-94E4560E0075}.Release|iPhoneSimulator.Deploy.0 = Release|Any CPU
		{F2F23DDD-68B3-48FB-BEAC-94E4560E0075}.Release|x64.ActiveCfg = Release|Any CPU
		{F2F23DDD-68B3-48FB-BEAC-94E4560E0075}.Release|x64.Build.0 = Release|Any CPU
		{F2F23DDD-68B3-48FB-BEAC-94E4560E0075}.Release|x64.Deploy.0 = Release|Any CPU
		{F2F23DDD-68B3-48FB-BEAC-94E4560E0075}.Release|x86.ActiveCfg = Release|Any CPU
		{F2F23DDD-68B3-48FB-BEAC-94E4560E0075}.Release|x86.Build.0 = Release|Any CPU
		{F2F23DDD-68B3-48FB-BEAC-94E4560E0075}.Release|x86.Deploy.0 = Release|Any CPU
	EndGlobalSection
	GlobalSection(SolutionProperties) = preSolution
		HideSolutionNode = FALSE
	EndGlobalSection
	GlobalSection(ExtensibilityGlobals) = postSolution
		SolutionGuid = {E0BF4668-8533-4924-8E96-0D0654DAC570}
	EndGlobalSection
EndGlobal
